
Microsoft Visual Studio Solution File, Format Version 12.00
# Visual Studio Version 16
VisualStudioVersion = 16.0.29411.108
MinimumVisualStudioVersion = 10.0.40219.1
Project("{FAE04EC0-301F-11D3-BF4B-00C04F79EFBC}") = "MatrixEXE", "MatrixEXE\MatrixEXE.csproj", "{FF841322-A175-4EDB-B5D0-90C5C6BD9EB1}"
EndProject
Global
	GlobalSection(SolutionConfigurationPlatforms) = preSolution
		Debug|Any CPU = Debug|Any CPU
		Release|Any CPU = Release|Any CPU
	EndGlobalSection
	GlobalSection(ProjectConfigurationPlatforms) = postSolution
		{FF841322-A175-4EDB-B5D0-90C5C6BD9EB1}.Debug|Any CPU.ActiveCfg = Debug|Any CPU
		{FF841322-A175-4EDB-B5D0-90C5C6BD9EB1}.Debug|Any CPU.Build.0 = Debug|Any CPU
		{FF841322-A175-4EDB-B5D0-90C5C6BD9EB1}.Release|Any CPU.ActiveCfg = Release|Any CPU
		{FF841322-A175-4EDB-B5D0-90C5C6BD9EB1}.Release|Any CPU.Build.0 = Release|Any CPU
	EndGlobalSection
	GlobalSection(SolutionProperties) = preSolution
		HideSolutionNode = FALSE
	EndGlobalSection
	GlobalSection(ExtensibilityGlobals) = postSolution
		SolutionGuid = {CEB4A6E5-853B-46DF-8C8C-D60E92299289}
	EndGlobalSection
EndGlobal
